Microsoft Visual Studio Solution File, Format Version 12.00
# Visual Studio 14
VisualStudioVersion = 14.0.25420.1
MinimumVisualStudioVersion = 10.0.40219.1
Project("{8BC9CEB8-8B4A-11D0-8D11-00A0C91BC942}") = "bench", "bench.vcxproj", "{2BA2AB8C-6C09-3B0C-9FEE-47F9BEB9FA35}"
	ProjectSection(ProjectDependencies) = postProject
		{F7E89511-5C2D-30C7-9DBF-624A2B7406FD} = {F7E89511-5C2D-30C7-9DBF-624A2B7406FD}
	EndProjectSection
EndProject
Project("{8BC9CEB8-8B4A-11D0-8D11-00A0C91BC942}") = "bench_cascade", "bench_cascade.vcxproj", "{A4962AD3-5F6D-3DB2-B1A7-3C2E69EEAD5B}"
	ProjectSection(ProjectDependencies) = postProject
		{F7E89511-5C2D-30C7-9DBF-624A2B7406FD} = {F7E89511-5C2D-30C7-9DBF-624A2B7406FD}
	EndProjectSection
EndProject
Project("{8BC9CEB8-8B4A-11D0-8D11-00A0C91BC942}") = "bench_http", "bench_http.vcxproj", "{3B36CD3F-4744-38A6-8C36-A4625C786D15}"
	ProjectSection(ProjectDependencies) = postProject
		{F7E89511-5C2D-30C7-9DBF-624A2B7406FD} = {F7E89511-5C2D-30C7-9DBF-624A2B7406FD}
	EndProjectSection
EndProject
Project("{8BC9CEB8-8B4A-11D0-8D11-00A0C91BC942}") = "bench_httpclient", "bench_httpclient.vcxproj", "{BB1A2173-A193-372A-AE93-F650BACEE2C4}"
	ProjectSection(ProjectDependencies) = postProject
		{F7E89511-5C2D-30C7-9DBF-624A2B7406FD} = {F7E89511-5C2D-30C7-9DBF-624A2B7406FD}
	EndProjectSection
EndProject
Project("{8BC9CEB8-8B4A-11D0-8D11-00A0C91BC942}") = "dns-example", "dns-example.vcxproj", "{2E475076-3A8D-3574-955A-E82AA32586FF}"
	ProjectSection(ProjectDependencies) = postProject
		{F7E89511-5C2D-30C7-9DBF-624A2B7406FD} = {F7E89511-5C2D-30C7-9DBF-624A2B7406FD}
	EndProjectSection
EndProject
Project("{8BC9CEB8-8B4A-11D0-8D11-00A0C91BC942}") = "event", "event.vcxproj", "{F9273C78-0786-3087-960C-D61388557CD7}"
EndProject
Project("{8BC9CEB8-8B4A-11D0-8D11-00A0C91BC942}") = "event-read-fifo", "event-read-fifo.vcxproj", "{161B7656-C282-39F5-9D34-C1A06D008940}"
	ProjectSection(ProjectDependencies) = postProject
		{F7E89511-5C2D-30C7-9DBF-624A2B7406FD} = {F7E89511-5C2D-30C7-9DBF-624A2B7406FD}
	EndProjectSection
EndProject
Project("{8BC9CEB8-8B4A-11D0-8D11-00A0C91BC942}") = "event_core", "event_core.vcxproj", "{BC175B68-C44B-32F5-840D-2E775C33687F}"
EndProject
Project("{8BC9CEB8-8B4A-11D0-8D11-00A0C91BC942}") = "event_extra", "event_extra.vcxproj", "{F7E89511-5C2D-30C7-9DBF-624A2B7406FD}"
EndProject
Project("{8BC9CEB8-8B4A-11D0-8D11-00A0C91BC942}") = "hello-world", "hello-world.vcxproj", "{E453FF84-A667-328F-B09F-51CA62DD330D}"
	ProjectSection(ProjectDependencies) = postProject
		{F7E89511-5C2D-30C7-9DBF-624A2B7406FD} = {F7E89511-5C2D-30C7-9DBF-624A2B7406FD}
	EndProjectSection
EndProject
Project("{8BC9CEB8-8B4A-11D0-8D11-00A0C91BC942}") = "http-connect", "http-connect.vcxproj", "{4A70255B-8E39-3AD6-B79B-4CB987731FEE}"
	ProjectSection(ProjectDependencies) = postProject
		{F7E89511-5C2D-30C7-9DBF-624A2B7406FD} = {F7E89511-5C2D-30C7-9DBF-624A2B7406FD}
	EndProjectSection
EndProject
Project("{8BC9CEB8-8B4A-11D0-8D11-00A0C91BC942}") = "http-server", "http-server.vcxproj", "{6AA1D24B-3D3F-3773-8826-095CD58D4DB8}"
	ProjectSection(ProjectDependencies) = postProject
		{F7E89511-5C2D-30C7-9DBF-624A2B7406FD} = {F7E89511-5C2D-30C7-9DBF-624A2B7406FD}
	EndProjectSection
EndProject
Project("{8BC9CEB8-8B4A-11D0-8D11-00A0C91BC942}") = "https-client", "https-client.vcxproj", "{97B9FE15-AA07-3D08-954A-2860F4794EF0}"
	ProjectSection(ProjectDependencies) = postProject
		{F7E89511-5C2D-30C7-9DBF-624A2B7406FD} = {F7E89511-5C2D-30C7-9DBF-624A2B7406FD}
	EndProjectSection
EndProject
Project("{8BC9CEB8-8B4A-11D0-8D11-00A0C91BC942}") = "le-proxy", "le-proxy.vcxproj", "{B5C55E34-57B4-3F20-B8BD-C3B1DEF1C42C}"
	ProjectSection(ProjectDependencies) = postProject
		{F7E89511-5C2D-30C7-9DBF-624A2B7406FD} = {F7E89511-5C2D-30C7-9DBF-624A2B7406FD}
	EndProjectSection
EndProject
Project("{8BC9CEB8-8B4A-11D0-8D11-00A0C91BC942}") = "regress", "regress.vcxproj", "{B3B99A1C-77E1-3A2A-B34C-7E00D63A5C83}"
EndProject
Project("{8BC9CEB8-8B4A-11D0-8D11-00A0C91BC942}") = "signal-test", "signal-test.vcxproj", "{B514EB98-8BC3-3D6B-8FE8-6E7B21D2B322}"
	ProjectSection(ProjectDependencies) = postProject
		{F7E89511-5C2D-30C7-9DBF-624A2B7406FD} = {F7E89511-5C2D-30C7-9DBF-624A2B7406FD}
	EndProjectSection
EndProject
Project("{8BC9CEB8-8B4A-11D0-8D11-00A0C91BC942}") = "test-changelist", "test-changelist.vcxproj", "{7D5F83FF-1DA1-3891-901A-D4D76C6EC2C1}"
	ProjectSection(ProjectDependencies) = postProject
		{F7E89511-5C2D-30C7-9DBF-624A2B7406FD} = {F7E89511-5C2D-30C7-9DBF-624A2B7406FD}
	EndProjectSection
EndProject
Project("{8BC9CEB8-8B4A-11D0-8D11-00A0C91BC942}") = "test-dumpevents", "test-dumpevents.vcxproj", "{508AC529-273F-35A7-857C-15E3D4BA5C88}"
	ProjectSection(ProjectDependencies) = postProject
		{F7E89511-5C2D-30C7-9DBF-624A2B7406FD} = {F7E89511-5C2D-30C7-9DBF-624A2B7406FD}
	EndProjectSection
EndProject
Project("{8BC9CEB8-8B4A-11D0-8D11-00A0C91BC942}") = "test-eof", "test-eof.vcxproj", "{AF7B54EB-5351-3F84-9E4E-7D1B86318E5E}"
	ProjectSection(ProjectDependencies) = postProject
		{F7E89511-5C2D-30C7-9DBF-624A2B7406FD} = {F7E89511-5C2D-30C7-9DBF-624A2B7406FD}
	EndProjectSection
EndProject
Project("{8BC9CEB8-8B4A-11D0-8D11-00A0C91BC942}") = "test-fdleak", "test-fdleak.vcxproj", "{2D59AD31-5785-3DE4-AEE0-4627659DB4CC}"
	ProjectSection(ProjectDependencies) = postProject
		{F7E89511-5C2D-30C7-9DBF-624A2B7406FD} = {F7E89511-5C2D-30C7-9DBF-624A2B7406FD}
	EndProjectSection
EndProject
Project("{8BC9CEB8-8B4A-11D0-8D11-00A0C91BC942}") = "test-init", "test-init.vcxproj", "{D914159A-A988-372B-BFA0-04B02ABC1E53}"
	ProjectSection(ProjectDependencies) = postProject
		{F7E89511-5C2D-30C7-9DBF-624A2B7406FD} = {F7E89511-5C2D-30C7-9DBF-624A2B7406FD}
	EndProjectSection
EndProject
Project("{8BC9CEB8-8B4A-11D0-8D11-00A0C91BC942}") = "test-ratelim", "test-ratelim.vcxproj", "{1C220A3A-3FB4-39BF-A99E-493544BCE5C4}"
	ProjectSection(ProjectDependencies) = postProject
		{F7E89511-5C2D-30C7-9DBF-624A2B7406FD} = {F7E89511-5C2D-30C7-9DBF-624A2B7406FD}
	EndProjectSection
EndProject
Project("{8BC9CEB8-8B4A-11D0-8D11-00A0C91BC942}") = "test-time", "test-time.vcxproj", "{8EB314E7-553D-3D9F-9F9E-98ACAE4BD49F}"
	ProjectSection(ProjectDependencies) = postProject
		{F7E89511-5C2D-30C7-9DBF-624A2B7406FD} = {F7E89511-5C2D-30C7-9DBF-624A2B7406FD}
	EndProjectSection
EndProject
Project("{8BC9CEB8-8B4A-11D0-8D11-00A0C91BC942}") = "test-weof", "test-weof.vcxproj", "{AB59C9AD-B182-35E9-B59A-40CE44729751}"
	ProjectSection(ProjectDependencies) = postProject
		{F7E89511-5C2D-30C7-9DBF-624A2B7406FD} = {F7E89511-5C2D-30C7-9DBF-624A2B7406FD}
	EndProjectSection
EndProject
Project("{8BC9CEB8-8B4A-11D0-8D11-00A0C91BC942}") = "time-test", "time-test.vcxproj", "{B1A41425-C932-3EB0-B811-D95E4A2DA2E7}"
	ProjectSection(ProjectDependencies) = postProject
		{F7E89511-5C2D-30C7-9DBF-624A2B7406FD} = {F7E89511-5C2D-30C7-9DBF-624A2B7406FD}
	EndProjectSection
EndProject
Global
	GlobalSection(SolutionConfigurationPlatforms) = preSolution
		Debug|Win32 = Debug|Win32
		Debug|x64 = Debug|x64
		Release|Win32 = Release|Win32
		Release|x64 = Release|x64
	EndGlobalSection
	GlobalSection(ProjectConfigurationPlatforms) = postSolution
		{2BA2AB8C-6C09-3B0C-9FEE-47F9BEB9FA35}.Debug|Win32.ActiveCfg = Debug|Win32
		{2BA2AB8C-6C09-3B0C-9FEE-47F9BEB9FA35}.Debug|Win32.Build.0 = Debug|Win32
		{2BA2AB8C-6C09-3B0C-9FEE-47F9BEB9FA35}.Debug|x64.ActiveCfg = Debug|x64
		{2BA2AB8C-6C09-3B0C-9FEE-47F9BEB9FA35}.Debug|x64.Build.0 = Debug|x64
		{2BA2AB8C-6C09-3B0C-9FEE-47F9BEB9FA35}.Release|Win32.ActiveCfg = Release|Win32
		{2BA2AB8C-6C09-3B0C-9FEE-47F9BEB9FA35}.Release|Win32.Build.0 = Release|Win32
		{2BA2AB8C-6C09-3B0C-9FEE-47F9BEB9FA35}.Release|x64.ActiveCfg = Release|x64
		{2BA2AB8C-6C09-3B0C-9FEE-47F9BEB9FA35}.Release|x64.Build.0 = Release|x64
		{A4962AD3-5F6D-3DB2-B1A7-3C2E69EEAD5B}.Debug|Win32.ActiveCfg = Debug|Win32
		{A4962AD3-5F6D-3DB2-B1A7-3C2E69EEAD5B}.Debug|Win32.Build.0 = Debug|Win32
		{A4962AD3-5F6D-3DB2-B1A7-3C2E69EEAD5B}.Debug|x64.ActiveCfg = Debug|x64
		{A4962AD3-5F6D-3DB2-B1A7-3C2E69EEAD5B}.Debug|x64.Build.0 = Debug|x64
		{A4962AD3-5F6D-3DB2-B1A7-3C2E69EEAD5B}.Release|Win32.ActiveCfg = Release|Win32
		{A4962AD3-5F6D-3DB2-B1A7-3C2E69EEAD5B}.Release|Win32.Build.0 = Release|Win32
		{A4962AD3-5F6D-3DB2-B1A7-3C2E69EEAD5B}.Release|x64.ActiveCfg = Release|x64
		{A4962AD3-5F6D-3DB2-B1A7-3C2E69EEAD5B}.Release|x64.Build.0 = Release|x64
		{3B36CD3F-4744-38A6-8C36-A4625C786D15}.Debug|Win32.ActiveCfg = Debug|Win32
		{3B36CD3F-4744-38A6-8C36-A4625C786D15}.Debug|Win32.Build.0 = Debug|Win32
		{3B36CD3F-4744-38A6-8C36-A4625C786D15}.Debug|x64.ActiveCfg = Debug|x64
		{3B36CD3F-4744-38A6-8C36-A4625C786D15}.Debug|x64.Build.0 = Debug|x64
		{3B36CD3F-4744-38A6-8C36-A4625C786D15}.Release|Win32.ActiveCfg = Release|Win32
		{3B36CD3F-4744-38A6-8C36-A4625C786D15}.Release|Win32.Build.0 = Release|Win32
		{3B36CD3F-4744-38A6-8C36-A4625C786D15}.Release|x64.ActiveCfg = Release|x64
		{3B36CD3F-4744-38A6-8C36-A4625C786D15}.Release|x64.Build.0 = Release|x64
		{BB1A2173-A193-372A-AE93-F650BACEE2C4}.Debug|Win32.ActiveCfg = Debug|Win32
		{BB1A2173-A193-372A-AE93-F650BACEE2C4}.Debug|Win32.Build.0 = Debug|Win32
		{BB1A2173-A193-372A-AE93-F650BACEE2C4}.Debug|x64.ActiveCfg = Debug|x64
		{BB1A2173-A193-372A-AE93-F650BACEE2C4}.Debug|x64.Build.0 = Debug|x64
		{BB1A2173-A193-372A-AE93-F650BACEE2C4}.Release|Win32.ActiveCfg = Release|Win32
		{BB1A2173-A193-372A-AE93-F650BACEE2C4}.Release|Win32.Build.0 = Release|Win32
		{BB1A2173-A193-372A-AE93-F650BACEE2C4}.Release|x64.ActiveCfg = Release|x64
		{BB1A2173-A193-372A-AE93-F650BACEE2C4}.Release|x64.Build.0 = Release|x64
		{2E475076-3A8D-3574-955A-E82AA32586FF}.Debug|Win32.ActiveCfg = Debug|Win32
		{2E475076-3A8D-3574-955A-E82AA32586FF}.Debug|Win32.Build.0 = Debug|Win32
		{2E475076-3A8D-3574-955A-E82AA32586FF}.Debug|x64.ActiveCfg = Debug|x64
		{2E475076-3A8D-3574-955A-E82AA32586FF}.Debug|x64.Build.0 = Debug|x64
		{2E475076-3A8D-3574-955A-E82AA32586FF}.Release|Win32.ActiveCfg = Release|Win32
		{2E475076-3A8D-3574-955A-E82AA32586FF}.Release|Win32.Build.0 = Release|Win32
		{2E475076-3A8D-3574-955A-E82AA32586FF}.Release|x64.ActiveCfg = Release|x64
		{2E475076-3A8D-3574-955A-E82AA32586FF}.Release|x64.Build.0 = Release|x64
		{F9273C78-0786-3087-960C-D61388557CD7}.Debug|Win32.ActiveCfg = Debug|Win32
		{F9273C78-0786-3087-960C-D61388557CD7}.Debug|Win32.Build.0 = Debug|Win32
		{F9273C78-0786-3087-960C-D61388557CD7}.Debug|x64.ActiveCfg = Debug|x64
		{F9273C78-0786-3087-960C-D61388557CD7}.Debug|x64.Build.0 = Debug|x64
		{F9273C78-0786-3087-960C-D61388557CD7}.Release|Win32.ActiveCfg = Release|Win32
		{F9273C78-0786-3087-960C-D61388557CD7}.Release|Win32.Build.0 = Release|Win32
		{F9273C78-0786-3087-960C-D61388557CD7}.Release|x64.ActiveCfg = Release|x64
		{F9273C78-0786-3087-960C-D61388557CD7}.Release|x64.Build.0 = Release|x64
		{161B7656-C282-39F5-9D34-C1A06D008940}.Debug|Win32.ActiveCfg = Debug|Win32
		{161B7656-C282-39F5-9D34-C1A06D008940}.Debug|Win32.Build.0 = Debug|Win32
		{161B7656-C282-39F5-9D34-C1A06D008940}.Debug|x64.ActiveCfg = Debug|x64
		{161B7656-C282-39F5-9D34-C1A06D008940}.Debug|x64.Build.0 = Debug|x64
		{161B7656-C282-39F5-9D34-C1A06D008940}.Release|Win32.ActiveCfg = Release|Win32
		{161B7656-C282-39F5-9D34-C1A06D008940}.Release|Win32.Build.0 = Release|Win32
		{161B7656-C282-39F5-9D34-C1A06D008940}.Release|x64.ActiveCfg = Release|x64
		{161B7656-C282-39F5-9D34-C1A06D008940}.Release|x64.Build.0 = Release|x64
		{BC175B68-C44B-32F5-840D-2E775C33687F}.Debug|Win32.ActiveCfg = Debug|Win32
		{BC175B68-C44B-32F5-840D-2E775C33687F}.Debug|Win32.Build.0 = Debug|Win32
		{BC175B68-C44B-32F5-840D-2E775C33687F}.Debug|x64.ActiveCfg = Debug|x64
		{BC175B68-C44B-32F5-840D-2E775C33687F}.Debug|x64.Build.0 = Debug|x64
		{BC175B68-C44B-32F5-840D-2E775C33687F}.Release|Win32.ActiveCfg = Release|Win32
		{BC175B68-C44B-32F5-840D-2E775C33687F}.Release|Win32.Build.0 = Release|Win32
		{BC175B68-C44B-32F5-840D-2E775C33687F}.Release|x64.ActiveCfg = Release|x64
		{BC175B68-C44B-32F5-840D-2E775C33687F}.Release|x64.Build.0 = Release|x64
		{F7E89511-5C2D-30C7-9DBF-624A2B7406FD}.Debug|Win32.ActiveCfg = Debug|Win32
		{F7E89511-5C2D-30C7-9DBF-624A2B7406FD}.Debug|Win32.Build.0 = Debug|Win32
		{F7E89511-5C2D-30C7-9DBF-624A2B7406FD}.Debug|x64.ActiveCfg = Debug|x64
		{F7E89511-5C2D-30C7-9DBF-624A2B7406FD}.Debug|x64.Build.0 = Debug|x64
		{F7E89511-5C2D-30C7-9DBF-624A2B7406FD}.Release|Win32.ActiveCfg = Release|Win32
		{F7E89511-5C2D-30C7-9DBF-624A2B7406FD}.Release|Win32.Build.0 = Release|Win32
		{F7E89511-5C2D-30C7-9DBF-624A2B7406FD}.Release|x64.ActiveCfg = Release|x64
		{F7E89511-5C2D-30C7-9DBF-624A2B7406FD}.Release|x64.Build.0 = Release|x64
		{E453FF84-A667-328F-B09F-51CA62DD330D}.Debug|Win32.ActiveCfg = Debug|Win32
		{E453FF84-A667-328F-B09F-51CA62DD330D}.Debug|Win32.Build.0 = Debug|Win32
		{E453FF84-A667-328F-B09F-51CA62DD330D}.Debug|x64.ActiveCfg = Debug|x64
		{E453FF84-A667-328F-B09F-51CA62DD330D}.Debug|x64.Build.0 = Debug|x64
		{E453FF84-A667-328F-B09F-51CA62DD330D}.Release|Win32.ActiveCfg = Release|Win32
		{E453FF84-A667-328F-B09F-51CA62DD330D}.Release|Win32.Build.0 = Release|Win32
		{E453FF84-A667-328F-B09F-51CA62DD330D}.Release|x64.ActiveCfg = Release|x64
		{E453FF84-A667-328F-B09F-51CA62DD330D}.Release|x64.Build.0 = Release|x64
		{4A70255B-8E39-3AD6-B79B-4CB987731FEE}.Debug|Win32.ActiveCfg = Debug|Win32
		{4A70255B-8E39-3AD6-B79B-4CB987731FEE}.Debug|Win32.Build.0 = Debug|Win32
		{4A70255B-8E39-3AD6-B79B-4CB987731FEE}.Debug|x64.ActiveCfg = Debug|x64
		{4A70255B-8E39-3AD6-B79B-4CB987731FEE}.Debug|x64.Build.0 = Debug|x64
		{4A70255B-8E39-3AD6-B79B-4CB987731FEE}.Release|Win32.ActiveCfg = Release|Win32
		{4A70255B-8E39-3AD6-B79B-4CB987731FEE}.Release|Win32.Build.0 = Release|Win32
		{4A70255B-8E39-3AD6-B79B-4CB987731FEE}.Release|x64.ActiveCfg = Release|x64
		{4A70255B-8E39-3AD6-B79B-4CB987731FEE}.Release|x64.Build.0 = Release|x64
		{6AA1D24B-3D3F-3773-8826-095CD58D4DB8}.Debug|Win32.ActiveCfg = Debug|Win32
		{6AA1D24B-3D3F-3773-8826-095CD58D4DB8}.Debug|Win32.Build.0 = Debug|Win32
		{6AA1D24B-3D3F-3773-8826-095CD58D4DB8}.Debug|x64.ActiveCfg = Debug|x64
		{6AA1D24B-3D3F-3773-8826-095CD58D4DB8}.Debug|x64.Build.0 = Debug|x64
		{6AA1D24B-3D3F-3773-8826-095CD58D4DB8}.Release|Win32.ActiveCfg = Release|Win32
		{6AA1D24B-3D3F-3773-8826-095CD58D4DB8}.Release|Win32.Build.0 = Release|Win32
		{6AA1D24B-3D3F-3773-8826-095CD58D4DB8}.Release|x64.ActiveCfg = Release|x64
		{6AA1D24B-3D3F-3773-8826-095CD58D4DB8}.Release|x64.Build.0 = Release|x64
		{97B9FE15-AA07-3D08-954A-2860F4794EF0}.Debug|Win32.ActiveCfg = Debug|Win32
		{97B9FE15-AA07-3D08-954A-2860F4794EF0}.Debug|Win32.Build.0 = Debug|Win32
		{97B9FE15-AA07-3D08-954A-2860F4794EF0}.Debug|x64.ActiveCfg = Debug|x64
		{97B9FE15-AA07-3D08-954A-2860F4794EF0}.Debug|x64.Build.0 = Debug|x64
		{97B9FE15-AA07-3D08-954A-2860F4794EF0}.Release|Win32.ActiveCfg = Release|Win32
		{97B9FE15-AA07-3D08-954A-2860F4794EF0}.Release|Win32.Build.0 = Release|Win32
		{97B9FE15-AA07-3D08-954A-2860F4794EF0}.Release|x64.ActiveCfg = Release|x64
		{97B9FE15-AA07-3D08-954A-2860F4794EF0}.Release|x64.Build.0 = Release|x64
		{B5C55E34-57B4-3F20-B8BD-C3B1DEF1C42C}.Debug|Win32.ActiveCfg = Debug|Win32
		{B5C55E34-57B4-3F20-B8BD-C3B1DEF1C42C}.Debug|Win32.Build.0 = Debug|Win32
		{B5C55E34-57B4-3F20-B8BD-C3B1DEF1C42C}.Debug|x64.ActiveCfg = Debug|x64
		{B5C55E34-57B4-3F20-B8BD-C3B1DEF1C42C}.Debug|x64.Build.0 = Debug|x64
		{B5C55E34-57B4-3F20-B8BD-C3B1DEF1C42C}.Release|Win32.ActiveCfg = Release|Win32
		{B5C55E34-57B4-3F20-B8BD-C3B1DEF1C42C}.Release|Win32.Build.0 = Release|Win32
		{B5C55E34-57B4-3F20-B8BD-C3B1DEF1C42C}.Release|x64.ActiveCfg = Release|x64
		{B5C55E34-57B4-3F20-B8BD-C3B1DEF1C42C}.Release|x64.Build.0 = Release|x64
		{B3B99A1C-77E1-3A2A-B34C-7E00D63A5C83}.Debug|Win32.ActiveCfg = Debug|Win32
		{B3B99A1C-77E1-3A2A-B34C-7E00D63A5C83}.Debug|Win32.Build.0 = Debug|Win32
		{B3B99A1C-77E1-3A2A-B34C-7E00D63A5C83}.Debug|x64.ActiveCfg = Debug|x64
		{B3B99A1C-77E1-3A2A-B34C-7E00D63A5C83}.Debug|x64.Build.0 = Debug|x64
		{B3B99A1C-77E1-3A2A-B34C-7E00D63A5C83}.Release|Win32.ActiveCfg = Release|Win32
		{B3B99A1C-77E1-3A2A-B34C-7E00D63A5C83}.Release|Win32.Build.0 = Release|Win32
		{B3B99A1C-77E1-3A2A-B34C-7E00D63A5C83}.Release|x64.ActiveCfg = Release|x64
		{B3B99A1C-77E1-3A2A-B34C-7E00D63A5C83}.Release|x64.Build.0 = Release|x64
		{B514EB98-8BC3-3D6B-8FE8-6E7B21D2B322}.Debug|Win32.ActiveCfg = Debug|Win32
		{B514EB98-8BC3-3D6B-8FE8-6E7B21D2B322}.Debug|Win32.Build.0 = Debug|Win32
		{B514EB98-8BC3-3D6B-8FE8-6E7B21D2B322}.Debug|x64.ActiveCfg = Debug|x64
		{B514EB98-8BC3-3D6B-8FE8-6E7B21D2B322}.Debug|x64.Build.0 = Debug|x64
		{B514EB98-8BC3-3D6B-8FE8-6E7B21D2B322}.Release|Win32.ActiveCfg = Release|Win32
		{B514EB98-8BC3-3D6B-8FE8-6E7B21D2B322}.Release|Win32.Build.0 = Release|Win32
		{B514EB98-8BC3-3D6B-8FE8-6E7B21D2B322}.Release|x64.ActiveCfg = Release|x64
		{B514EB98-8BC3-3D6B-8FE8-6E7B21D2B322}.Release|x64.Build.0 = Release|x64
		{7D5F83FF-1DA1-3891-901A-D4D76C6EC2C1}.Debug|Win32.ActiveCfg = Debug|Win32
		{7D5F83FF-1DA1-3891-901A-D4D76C6EC2C1}.Debug|Win32.Build.0 = Debug|Win32
		{7D5F83FF-1DA1-3891-901A-D4D76C6EC2C1}.Debug|x64.ActiveCfg = Debug|x64
		{7D5F83FF-1DA1-3891-901A-D4D76C6EC2C1}.Debug|x64.Build.0 = Debug|x64
		{7D5F83FF-1DA1-3891-901A-D4D76C6EC2C1}.Release|Win32.ActiveCfg = Release|Win32
		{7D5F83FF-1DA1-3891-901A-D4D76C6EC2C1}.Release|Win32.Build.0 = Release|Win32
		{7D5F83FF-1DA1-3891-901A-D4D76C6EC2C1}.Release|x64.ActiveCfg = Release|x64
		{7D5F83FF-1DA1-3891-901A-D4D76C6EC2C1}.Release|x64.Build.0 = Release|x64
		{508AC529-273F-35A7-857C-15E3D4BA5C88}.Debug|Win32.ActiveCfg = Debug|Win32
		{508AC529-273F-35A7-857C-15E3D4BA5C88}.Debug|Win32.Build.0 = Debug|Win32
		{508AC529-273F-35A7-857C-15E3D4BA5C88}.Debug|x64.ActiveCfg = Debug|x64
		{508AC529-273F-35A7-857C-15E3D4BA5C88}.Debug|x64.Build.0 = Debug|x64
		{508AC529-273F-35A7-857C-15E3D4BA5C88}.Release|Win32.ActiveCfg = Release|Win32
		{508AC529-273F-35A7-857C-15E3D4BA5C88}.Release|Win32.Build.0 = Release|Win32
		{508AC529-273F-35A7-857C-15E3D4BA5C88}.Release|x64.ActiveCfg = Release|x64
		{508AC529-273F-35A7-857C-15E3D4BA5C88}.Release|x64.Build.0 = Release|x64
		{AF7B54EB-5351-3F84-9E4E-7D1B86318E5E}.Debug|Win32.ActiveCfg = Debug|Win32
		{AF7B54EB-5351-3F84-9E4E-7D1B86318E5E}.Debug|Win32.Build.0 = Debug|Win32
		{AF7B54EB-5351-3F84-9E4E-7D1B86318E5E}.Debug|x64.ActiveCfg = Debug|x64
		{AF7B54EB-5351-3F84-9E4E-7D1B86318E5E}.Debug|x64.Build.0 = Debug|x64
		{AF7B54EB-5351-3F84-9E4E-7D1B86318E5E}.Release|Win32.ActiveCfg = Release|Win32
		{AF7B54EB-5351-3F84-9E4E-7D1B86318E5E}.Release|Win32.Build.0 = Release|Win32
		{AF7B54EB-5351-3F84-9E4E-7D1B86318E5E}.Release|x64.ActiveCfg = Release|x64
		{AF7B54EB-5351-3F84-9E4E-7D1B86318E5E}.Release|x64.Build.0 = Release|x64
		{2D59AD31-5785-3DE4-AEE0-4627659DB4CC}.Debug|Win32.ActiveCfg = Debug|Win32
		{2D59AD31-5785-3DE4-AEE0-4627659DB4CC}.Debug|Win32.Build.0 = Debug|Win32
		{2D59AD31-5785-3DE4-AEE0-4627659DB4CC}.Debug|x64.ActiveCfg = Debug|x64
		{2D59AD31-5785-3DE4-AEE0-4627659DB4CC}.Debug|x64.Build.0 = Debug|x64
		{2D59AD31-5785-3DE4-AEE0-4627659DB4CC}.Release|Win32.ActiveCfg = Release|Win32
		{2D59AD31-5785-3DE4-AEE0-4627659DB4CC}.Release|Win32.Build.0 = Release|Win32
		{2D59AD31-5785-3DE4-AEE0-4627659DB4CC}.Release|x64.ActiveCfg = Release|x64
		{2D59AD31-5785-3DE4-AEE0-4627659DB4CC}.Release|x64.Build.0 = Release|x64
		{D914159A-A988-372B-BFA0-04B02ABC1E53}.Debug|Win32.ActiveCfg = Debug|Win32
		{D914159A-A988-372B-BFA0-04B02ABC1E53}.Debug|Win32.Build.0 = Debug|Win32
		{D914159A-A988-372B-BFA0-04B02ABC1E53}.Debug|x64.ActiveCfg = Debug|x64
		{D914159A-A988-372B-BFA0-04B02ABC1E53}.Debug|x64.Build.0 = Debug|x64
		{D914159A-A988-372B-BFA0-04B02ABC1E53}.Release|Win32.ActiveCfg = Release|Win32
		{D914159A-A988-372B-BFA0-04B02ABC1E53}.Release|Win32.Build.0 = Release|Win32
		{D914159A-A988-372B-BFA0-04B02ABC1E53}.Release|x64.ActiveCfg = Release|x64
		{D914159A-A988-372B-BFA0-04B02ABC1E53}.Release|x64.Build.0 = Release|x64
		{1C220A3A-3FB4-39BF-A99E-493544BCE5C4}.Debug|Win32.ActiveCfg = Debug|Win32
		{1C220A3A-3FB4-39BF-A99E-493544BCE5C4}.Debug|Win32.Build.0 = Debug|Win32
		{1C220A3A-3FB4-39BF-A99E-493544BCE5C4}.Debug|x64.ActiveCfg = Debug|x64
		{1C220A3A-3FB4-39BF-A99E-493544BCE5C4}.Debug|x64.Build.0 = Debug|x64
		{1C220A3A-3FB4-39BF-A99E-493544BCE5C4}.Release|Win32.ActiveCfg = Release|Win32
		{1C220A3A-3FB4-39BF-A99E-493544BCE5C4}.Release|Win32.Build.0 = Release|Win32
		{1C220A3A-3FB4-39BF-A99E-493544BCE5C4}.Release|x64.ActiveCfg = Release|x64
		{1C220A3A-3FB4-39BF-A99E-493544BCE5C4}.Release|x64.Build.0 = Release|x64
		{8EB314E7-553D-3D9F-9F9E-98ACAE4BD49F}.Debug|Win32.ActiveCfg = Debug|Win32
		{8EB314E7-553D-3D9F-9F9E-98ACAE4BD49F}.Debug|Win32.Build.0 = Debug|Win32
		{8EB314E7-553D-3D9F-9F9E-98ACAE4BD49F}.Debug|x64.ActiveCfg = Debug|x64
		{8EB314E7-553D-3D9F-9F9E-98ACAE4BD49F}.Debug|x64.Build.0 = Debug|x64
		{8EB314E7-553D-3D9F-9F9E-98ACAE4BD49F}.Release|Win32.ActiveCfg = Release|Win32
		{8EB314E7-553D-3D9F-9F9E-98ACAE4BD49F}.Release|Win32.Build.0 = Release|Win32
		{8EB314E7-553D-3D9F-9F9E-98ACAE4BD49F}.Release|x64.ActiveCfg = Release|x64
		{8EB314E7-553D-3D9F-9F9E-98ACAE4BD49F}.Release|x64.Build.0 = Release|x64
		{AB59C9AD-B182-35E9-B59A-40CE44729751}.Debug|Win32.ActiveCfg = Debug|Win32
		{AB59C9AD-B182-35E9-B59A-40CE44729751}.Debug|Win32.Build.0 = Debug|Win32
		{AB59C9AD-B182-35E9-B59A-40CE44729751}.Debug|x64.ActiveCfg = Debug|x64
		{AB59C9AD-B182-35E9-B59A-40CE44729751}.Debug|x64.Build.0 = Debug|x64
		{AB59C9AD-B182-35E9-B59A-40CE44729751}.Release|Win32.ActiveCfg = Release|Win32
		{AB59C9AD-B182-35E9-B59A-40CE44729751}.Release|Win32.Build.0 = Release|Win32
		{AB59C9AD-B182-35E9-B59A-40CE44729751}.Release|x64.ActiveCfg = Release|x64
		{AB59C9AD-B182-35E9-B59A-40CE44729751}.Release|x64.Build.0 = Release|x64
		{B1A41425-C932-3EB0-B811-D95E4A2DA2E7}.Debug|Win32.ActiveCfg = Debug|Win32
		{B1A41425-C932-3EB0-B811-D95E4A2DA2E7}.Debug|Win32.Build.0 = Debug|Win32
		{B1A41425-C932-3EB0-B811-D95E4A2DA2E7}.Debug|x64.ActiveCfg = Debug|x64
		{B1A41425-C932-3EB0-B811-D95E4A2DA2E7}.Debug|x64.Build.0 = Debug|x64
		{B1A41425-C932-3EB0-B811-D95E4A2DA2E7}.Release|Win32.ActiveCfg = Release|Win32
		{B1A41425-C932-3EB0-B811-D95E4A2DA2E7}.Release|Win32.Build.0 = Release|Win32
		{B1A41425-C932-3EB0-B811-D95E4A2DA2E7}.Release|x64.ActiveCfg = Release|x64
		{B1A41425-C932-3EB0-B811-D95E4A2DA2E7}.Release|x64.Build.0 = Release|x64
	EndGlobalSection
	GlobalSection(SolutionProperties) = preSolution
		HideSolutionNode = FALSE
	EndGlobalSection
	GlobalSection(ExtensibilityGlobals) = postSolution
		SolutionGuid = {89FF2411-F3AE-31A4-8079-B0CE2163F16E}
	EndGlobalSection
EndGlobal
